// !$*UTF8*$!
{
	archiveVersion = 1;
	classes = {
	};
	objectVersion = 56;
	objects = {

/* Begin PBXBuildFile section */
		501E50172AF526FA00522448 /* NotesApp.swift in Sources */ = {isa = PBXBuildFile; fileRef = 501E50162AF526FA00522448 /* NotesApp.swift */; };
		501E50192AF526FA00522448 /* ContentView.swift in Sources */ = {isa = PBXBuildFile; fileRef = 501E50182AF526FA00522448 /* ContentView.swift */; };
		501E501B2AF526FB00522448 /* Assets.xcassets in Resources */ = {isa = PBXBuildFile; fileRef = 501E501A2AF526FB00522448 /* Assets.xcassets */; };
		501E501E2AF526FB00522448 /* Preview Assets.xcassets in Resources */ = {isa = PBXBuildFile; fileRef = 501E501D2AF526FB00522448 /* Preview Assets.xcassets */; };
		501E50202AF526FB00522448 /* Persistence.swift in Sources */ = {isa = PBXBuildFile; fileRef = 501E501F2AF526FB00522448 /* Persistence.swift */; };
		501E50232AF526FB00522448 /* Notes.xcdatamodeld in Sources */ = {isa = PBXBuildFile; fileRef = 501E50212AF526FB00522448 /* Notes.xcdatamodeld */; };
		501E502D2AF526FB00522448 /* NotesTests.swift in Sources */ = {isa = PBXBuildFile; fileRef = 501E502C2AF526FB00522448 /* NotesTests.swift */; };
		501E50372AF526FB00522448 /* NotesUITests.swift in Sources */ = {isa = PBXBuildFile; fileRef = 501E50362AF526FB00522448 /* NotesUITests.swift */; };
		501E50392AF526FB00522448 /* NotesUITestsLaunchTests.swift in Sources */ = {isa = PBXBuildFile; fileRef = 501E50382AF526FB00522448 /* NotesUITestsLaunchTests.swift */; };
		501E506A2AF5381F00522448 /* ContentViewModel.swift in Sources */ = {isa = PBXBuildFile; fileRef = 501E50692AF5381F00522448 /* ContentViewModel.swift */; };
		501E508F2AFCE77200522448 /* Note+CoreDataClass.swift in Sources */ = {isa = PBXBuildFile; fileRef = 501E508B2AFCE77200522448 /* Note+CoreDataClass.swift */; };
		501E50902AFCE77200522448 /* Note+CoreDataProperties.swift in Sources */ = {isa = PBXBuildFile; fileRef = 501E508C2AFCE77200522448 /* Note+CoreDataProperties.swift */; };
		501E50912AFCE77200522448 /* User+CoreDataClass.swift in Sources */ = {isa = PBXBuildFile; fileRef = 501E508D2AFCE77200522448 /* User+CoreDataClass.swift */; };
		501E50922AFCE77200522448 /* User+CoreDataProperties.swift in Sources */ = {isa = PBXBuildFile; fileRef = 501E508E2AFCE77200522448 /* User+CoreDataProperties.swift */; };
		503CE1DC2B10DB69004C7097 /* SignUpButtonText.swift in Sources */ = {isa = PBXBuildFile; fileRef = 503CE1DB2B10DB69004C7097 /* SignUpButtonText.swift */; };
		503CE1DE2B10DC8C004C7097 /* UnderliedTextField.swift in Sources */ = {isa = PBXBuildFile; fileRef = 503CE1DD2B10DC8C004C7097 /* UnderliedTextField.swift */; };
		503CE1E22B10DD39004C7097 /* Localizable.strings in Resources */ = {isa = PBXBuildFile; fileRef = 503CE1E42B10DD39004C7097 /* Localizable.strings */; };
		50FF4BED2AFD22BB000A6E25 /* NotesListView.swift in Sources */ = {isa = PBXBuildFile; fileRef = 50FF4BEC2AFD22BB000A6E25 /* NotesListView.swift */; };
		50FF4BEF2AFD27C9000A6E25 /* SignUpView.swift in Sources */ = {isa = PBXBuildFile; fileRef = 50FF4BEE2AFD27C9000A6E25 /* SignUpView.swift */; };
		50FF4BF12AFD2911000A6E25 /* SignUpViewModel.swift in Sources */ = {isa = PBXBuildFile; fileRef = 50FF4BF02AFD2911000A6E25 /* SignUpViewModel.swift */; };
		50FF4BF32AFE57C6000A6E25 /* NotesListViewModel.swift in Sources */ = {isa = PBXBuildFile; fileRef = 50FF4BF22AFE57C6000A6E25 /* NotesListViewModel.swift */; };
		50FF4BF52AFE7BC7000A6E25 /* WriteOrEditNoteView.swift in Sources */ = {isa = PBXBuildFile; fileRef = 50FF4BF42AFE7BC7000A6E25 /* WriteOrEditNoteView.swift */; };
		50FF4BF72AFE7D67000A6E25 /* WriteOrEditNoteViewModel.swift in Sources */ = {isa = PBXBuildFile; fileRef = 50FF4BF62AFE7D67000A6E25 /* WriteOrEditNoteViewModel.swift */; };
/* End PBXBuildFile section */

/* Begin PBXContainerItemProxy section */
		501E50292AF526FB00522448 /* PBXContainerItemProxy */ = {
			isa = PBXContainerItemProxy;
			containerPortal = 501E500B2AF526FA00522448 /* Project object */;
			proxyType = 1;
			remoteGlobalIDString = 501E50122AF526FA00522448;
			remoteInfo = Notes;
		};
		501E50332AF526FB00522448 /* PBXContainerItemProxy */ = {
			isa = PBXContainerItemProxy;
			containerPortal = 501E500B2AF526FA00522448 /* Project object */;
			proxyType = 1;
			remoteGlobalIDString = 501E50122AF526FA00522448;
			remoteInfo = Notes;
		};
/* End PBXContainerItemProxy section */

/* Begin PBXFileReference section */
		501E50132AF526FA00522448 /* Notes.app */ = {isa = PBXFileReference; explicitFileType = wrapper.application; includeInIndex = 0; path = Notes.app; sourceTree = BUILT_PRODUCTS_DIR; };
		501E50162AF526FA00522448 /* NotesApp.swift */ = {isa = PBXFileReference; lastKnownFileType = sourcecode.swift; path = NotesApp.swift; sourceTree = "<group>"; };
		501E50182AF526FA00522448 /* ContentView.swift */ = {isa = PBXFileReference; lastKnownFileType = sourcecode.swift; path = ContentView.swift; sourceTree = "<group>"; };
		501E501A2AF526FB00522448 /* Assets.xcassets */ = {isa = PBXFileReference; lastKnownFileType = folder.assetcatalog; path = Assets.xcassets; sourceTree = "<group>"; };
		501E501D2AF526FB00522448 /* Preview Assets.xcassets */ = {isa = PBXFileReference; lastKnownFileType = folder.assetcatalog; path = "Preview Assets.xcassets"; sourceTree = "<group>"; };
		501E501F2AF526FB00522448 /* Persistence.swift */ = {isa = PBXFileReference; lastKnownFileType = sourcecode.swift; path = Persistence.swift; sourceTree = "<group>"; };
		501E50222AF526FB00522448 /* Notes.xcdatamodel */ = {isa = PBXFileReference; lastKnownFileType = wrapper.xcdatamodel; path = Notes.xcdatamodel; sourceTree = "<group>"; };
		501E50282AF526FB00522448 /* NotesTests.xctest */ = {isa = PBXFileReference; explicitFileType = wrapper.cfbundle; includeInIndex = 0; path = NotesTests.xctest; sourceTree = BUILT_PRODUCTS_DIR; };
		501E502C2AF526FB00522448 /* NotesTests.swift */ = {isa = PBXFileReference; lastKnownFileType = sourcecode.swift; path = NotesTests.swift; sourceTree = "<group>"; };
		501E50322AF526FB00522448 /* NotesUITests.xctest */ = {isa = PBXFileReference; explicitFileType = wrapper.cfbundle; includeInIndex = 0; path = NotesUITests.xctest; sourceTree = BUILT_PRODUCTS_DIR; };
		501E50362AF526FB00522448 /* NotesUITests.swift */ = {isa = PBXFileReference; lastKnownFileType = sourcecode.swift; path = NotesUITests.swift; sourceTree = "<group>"; };
		501E50382AF526FB00522448 /* NotesUITestsLaunchTests.swift */ = {isa = PBXFileReference; lastKnownFileType = sourcecode.swift; path = NotesUITestsLaunchTests.swift; sourceTree = "<group>"; };
		501E50692AF5381F00522448 /* ContentViewModel.swift */ = {isa = PBXFileReference; lastKnownFileType = sourcecode.swift; path = ContentViewModel.swift; sourceTree = "<group>"; };
		501E508B2AFCE77200522448 /* Note+CoreDataClass.swift */ = {isa = PBXFileReference; lastKnownFileType = sourcecode.swift; path = "Note+CoreDataClass.swift"; sourceTree = "<group>"; };
		501E508C2AFCE77200522448 /* Note+CoreDataProperties.swift */ = {isa = PBXFileReference; lastKnownFileType = sourcecode.swift; path = "Note+CoreDataProperties.swift"; sourceTree = "<group>"; };
		501E508D2AFCE77200522448 /* User+CoreDataClass.swift */ = {isa = PBXFileReference; lastKnownFileType = sourcecode.swift; path = "User+CoreDataClass.swift"; sourceTree = "<group>"; };
		501E508E2AFCE77200522448 /* User+CoreDataProperties.swift */ = {isa = PBXFileReference; lastKnownFileType = sourcecode.swift; path = "User+CoreDataProperties.swift"; sourceTree = "<group>"; };
		503CE1DB2B10DB69004C7097 /* SignUpButtonText.swift */ = {isa = PBXFileReference; lastKnownFileType = sourcecode.swift; path = SignUpButtonText.swift; sourceTree = "<group>"; };
		503CE1DD2B10DC8C004C7097 /* UnderliedTextField.swift */ = {isa = PBXFileReference; lastKnownFileType = sourcecode.swift; path = UnderliedTextField.swift; sourceTree = "<group>"; };
		503CE1E32B10DD39004C7097 /* en */ = {isa = PBXFileReference; lastKnownFileType = text.plist.strings; name = en; path = en.lproj/Localizable.strings; sourceTree = "<group>"; };
		50FF4BEC2AFD22BB000A6E25 /* NotesListView.swift */ = {isa = PBXFileReference; lastKnownFileType = sourcecode.swift; path = NotesListView.swift; sourceTree = "<group>"; };
		50FF4BEE2AFD27C9000A6E25 /* SignUpView.swift */ = {isa = PBXFileReference; lastKnownFileType = sourcecode.swift; path = SignUpView.swift; sourceTree = "<group>"; };
		50FF4BF02AFD2911000A6E25 /* SignUpViewModel.swift */ = {isa = PBXFileReference; lastKnownFileType = sourcecode.swift; path = SignUpViewModel.swift; sourceTree = "<group>"; };
		50FF4BF22AFE57C6000A6E25 /* NotesListViewModel.swift */ = {isa = PBXFileReference; lastKnownFileType = sourcecode.swift; path = NotesListViewModel.swift; sourceTree = "<group>"; };
		50FF4BF42AFE7BC7000A6E25 /* WriteOrEditNoteView.swift */ = {isa = PBXFileReference; lastKnownFileType = sourcecode.swift; path = WriteOrEditNoteView.swift; sourceTree = "<group>"; };
		50FF4BF62AFE7D67000A6E25 /* WriteOrEditNoteViewModel.swift */ = {isa = PBXFileReference; lastKnownFileType = sourcecode.swift; path = WriteOrEditNoteViewModel.swift; sourceTree = "<group>"; };
/* End PBXFileReference section */

/* Begin PBXFrameworksBuildPhase section */
		501E50102AF526FA00522448 /* Frameworks */ = {
			isa = PBXFrameworksBuildPhase;
			buildActionMask = 2147483647;
			files = (
			);
			runOnlyForDeploymentPostprocessing = 0;
		};
		501E50252AF526FB00522448 /* Frameworks */ = {
			isa = PBXFrameworksBuildPhase;
			buildActionMask = 2147483647;
			files = (
			);
			runOnlyForDeploymentPostprocessing = 0;
		};
		501E502F2AF526FB00522448 /* Frameworks */ = {
			isa = PBXFrameworksBuildPhase;
			buildActionMask = 2147483647;
			files = (
			);
			runOnlyForDeploymentPostprocessing = 0;
		};
/* End PBXFrameworksBuildPhase section */

/* Begin PBXGroup section */
		501E500A2AF526FA00522448 = {
			isa = PBXGroup;
			children = (
				501E508B2AFCE77200522448 /* Note+CoreDataClass.swift */,
				501E508C2AFCE77200522448 /* Note+CoreDataProperties.swift */,
				501E508D2AFCE77200522448 /* User+CoreDataClass.swift */,
				501E508E2AFCE77200522448 /* User+CoreDataProperties.swift */,
				501E50152AF526FA00522448 /* Notes */,
				501E502B2AF526FB00522448 /* NotesTests */,
				501E50352AF526FB00522448 /* NotesUITests */,
				501E50142AF526FA00522448 /* Products */,
			);
			sourceTree = "<group>";
		};
		501E50142AF526FA00522448 /* Products */ = {
			isa = PBXGroup;
			children = (
				501E50132AF526FA00522448 /* Notes.app */,
				501E50282AF526FB00522448 /* NotesTests.xctest */,
				501E50322AF526FB00522448 /* NotesUITests.xctest */,
			);
			name = Products;
			sourceTree = "<group>";
		};
		501E50152AF526FA00522448 /* Notes */ = {
			isa = PBXGroup;
			children = (
				503CE1DF2B10DD0E004C7097 /* Resources */,
				503CE1DA2B10DB33004C7097 /* ViewModifier */,
				501E50162AF526FA00522448 /* NotesApp.swift */,
				501E50182AF526FA00522448 /* ContentView.swift */,
				501E50692AF5381F00522448 /* ContentViewModel.swift */,
				50FF4BF22AFE57C6000A6E25 /* NotesListViewModel.swift */,
				50FF4BEC2AFD22BB000A6E25 /* NotesListView.swift */,
				50FF4BEE2AFD27C9000A6E25 /* SignUpView.swift */,
				50FF4BF02AFD2911000A6E25 /* SignUpViewModel.swift */,
				50FF4BF42AFE7BC7000A6E25 /* WriteOrEditNoteView.swift */,
				50FF4BF62AFE7D67000A6E25 /* WriteOrEditNoteViewModel.swift */,
				501E501A2AF526FB00522448 /* Assets.xcassets */,
				501E501F2AF526FB00522448 /* Persistence.swift */,
				501E50212AF526FB00522448 /* Notes.xcdatamodeld */,
				501E501C2AF526FB00522448 /* Preview Content */,
			);
			path = Notes;
			sourceTree = "<group>";
		};
		501E501C2AF526FB00522448 /* Preview Content */ = {
			isa = PBXGroup;
			children = (
				501E501D2AF526FB00522448 /* Preview Assets.xcassets */,
			);
			path = "Preview Content";
			sourceTree = "<group>";
		};
		501E502B2AF526FB00522448 /* NotesTests */ = {
			isa = PBXGroup;
			children = (
				501E502C2AF526FB00522448 /* NotesTests.swift */,
			);
			path = NotesTests;
			sourceTree = "<group>";
		};
		501E50352AF526FB00522448 /* NotesUITests */ = {
			isa = PBXGroup;
			children = (
				501E50362AF526FB00522448 /* NotesUITests.swift */,
				501E50382AF526FB00522448 /* NotesUITestsLaunchTests.swift */,
			);
			path = NotesUITests;
			sourceTree = "<group>";
		};
		503CE1DA2B10DB33004C7097 /* ViewModifier */ = {
			isa = PBXGroup;
			children = (
				503CE1DB2B10DB69004C7097 /* SignUpButtonText.swift */,
				503CE1DD2B10DC8C004C7097 /* UnderliedTextField.swift */,
			);
			path = ViewModifier;
			sourceTree = "<group>";
		};
		503CE1DF2B10DD0E004C7097 /* Resources */ = {
			isa = PBXGroup;
			children = (
				503CE1E42B10DD39004C7097 /* Localizable.strings */,
			);
			path = Resources;
			sourceTree = "<group>";
		};
/* End PBXGroup section */

/* Begin PBXNativeTarget section */
		501E50122AF526FA00522448 /* Notes */ = {
			isa = PBXNativeTarget;
			buildConfigurationList = 501E503C2AF526FB00522448 /* Build configuration list for PBXNativeTarget "Notes" */;
			buildPhases = (
				501E500F2AF526FA00522448 /* Sources */,
				501E50102AF526FA00522448 /* Frameworks */,
				501E50112AF526FA00522448 /* Resources */,
			);
			buildRules = (
			);
			dependencies = (
			);
			name = Notes;
			productName = Notes;
			productReference = 501E50132AF526FA00522448 /* Notes.app */;
			productType = "com.apple.product-type.application";
		};
		501E50272AF526FB00522448 /* NotesTests */ = {
			isa = PBXNativeTarget;
			buildConfigurationList = 501E503F2AF526FB00522448 /* Build configuration list for PBXNativeTarget "NotesTests" */;
			buildPhases = (
				501E50242AF526FB00522448 /* Sources */,
				501E50252AF526FB00522448 /* Frameworks */,
				501E50262AF526FB00522448 /* Resources */,
			);
			buildRules = (
			);
			dependencies = (
				501E502A2AF526FB00522448 /* PBXTargetDependency */,
			);
			name = NotesTests;
			productName = NotesTests;
			productReference = 501E50282AF526FB00522448 /* NotesTests.xctest */;
			productType = "com.apple.product-type.bundle.unit-test";
		};
		501E50312AF526FB00522448 /* NotesUITests */ = {
			isa = PBXNativeTarget;
			buildConfigurationList = 501E50422AF526FB00522448 /* Build configuration list for PBXNativeTarget "NotesUITests" */;
			buildPhases = (
				501E502E2AF526FB00522448 /* Sources */,
				501E502F2AF526FB00522448 /* Frameworks */,
				501E50302AF526FB00522448 /* Resources */,
			);
			buildRules = (
			);
			dependencies = (
				501E50342AF526FB00522448 /* PBXTargetDependency */,
			);
			name = NotesUITests;
			productName = NotesUITests;
			productReference = 501E50322AF526FB00522448 /* NotesUITests.xctest */;
			productType = "com.apple.product-type.bundle.ui-testing";
		};
/* End PBXNativeTarget section */

/* Begin PBXProject section */
		501E500B2AF526FA00522448 /* Project object */ = {
			isa = PBXProject;
			attributes = {
				BuildIndependentTargetsInParallel = 1;
				LastSwiftUpdateCheck = 1500;
				LastUpgradeCheck = 1500;
				TargetAttributes = {
					501E50122AF526FA00522448 = {
						CreatedOnToolsVersion = 15.0.1;
					};
					501E50272AF526FB00522448 = {
						CreatedOnToolsVersion = 15.0.1;
						TestTargetID = 501E50122AF526FA00522448;
					};
					501E50312AF526FB00522448 = {
						CreatedOnToolsVersion = 15.0.1;
						TestTargetID = 501E50122AF526FA00522448;
					};
				};
			};
			buildConfigurationList = 501E500E2AF526FA00522448 /* Build configuration list for PBXProject "Notes" */;
			compatibilityVersion = "Xcode 14.0";
			developmentRegion = en;
			hasScannedForEncodings = 0;
			knownRegions = (
				en,
				Base,
			);
			mainGroup = 501E500A2AF526FA00522448;
			productRefGroup = 501E50142AF526FA00522448 /* Products */;
			projectDirPath = "";
			projectRoot = "";
			targets = (
				501E50122AF526FA00522448 /* Notes */,
				501E50272AF526FB00522448 /* NotesTests */,
				501E50312AF526FB00522448 /* NotesUITests */,
			);
		};
/* End PBXProject section */

/* Begin PBXResourcesBuildPhase section */
		501E50112AF526FA00522448 /* Resources */ = {
			isa = PBXResourcesBuildPhase;
			buildActionMask = 2147483647;
			files = (
				501E501E2AF526FB00522448 /* Preview Assets.xcassets in Resources */,
				503CE1E22B10DD39004C7097 /* Localizable.strings in Resources */,
				501E501B2AF526FB00522448 /* Assets.xcassets in Resources */,
			);
			runOnlyForDeploymentPostprocessing = 0;
		};
		501E50262AF526FB00522448 /* Resources */ = {
			isa = PBXResourcesBuildPhase;
			buildActionMask = 2147483647;
			files = (
			);
			runOnlyForDeploymentPostprocessing = 0;
		};
		501E50302AF526FB00522448 /* Resources */ = {
			isa = PBXResourcesBuildPhase;
			buildActionMask = 2147483647;
			files = (
			);
			runOnlyForDeploymentPostprocessing = 0;
		};
/* End PBXResourcesBuildPhase section */

/* Begin PBXSourcesBuildPhase section */
		501E500F2AF526FA00522448 /* Sources */ = {
			isa = PBXSourcesBuildPhase;
			buildActionMask = 2147483647;
			files = (
				501E50202AF526FB00522448 /* Persistence.swift in Sources */,
				50FF4BF12AFD2911000A6E25 /* SignUpViewModel.swift in Sources */,
				501E50902AFCE77200522448 /* Note+CoreDataProperties.swift in Sources */,
				501E508F2AFCE77200522448 /* Note+CoreDataClass.swift in Sources */,
				50FF4BF32AFE57C6000A6E25 /* NotesListViewModel.swift in Sources */,
				501E50192AF526FA00522448 /* ContentView.swift in Sources */,
				50FF4BEF2AFD27C9000A6E25 /* SignUpView.swift in Sources */,
				501E506A2AF5381F00522448 /* ContentViewModel.swift in Sources */,
				501E50912AFCE77200522448 /* User+CoreDataClass.swift in Sources */,
				503CE1DE2B10DC8C004C7097 /* UnderliedTextField.swift in Sources */,
				501E50172AF526FA00522448 /* NotesApp.swift in Sources */,
				50FF4BED2AFD22BB000A6E25 /* NotesListView.swift in Sources */,
				50FF4BF52AFE7BC7000A6E25 /* WriteOrEditNoteView.swift in Sources */,
				501E50232AF526FB00522448 /* Notes.xcdatamodeld in Sources */,
				50FF4BF72AFE7D67000A6E25 /* WriteOrEditNoteViewModel.swift in Sources */,
				501E50922AFCE77200522448 /* User+CoreDataProperties.swift in Sources */,
				503CE1DC2B10DB69004C7097 /* SignUpButtonText.swift in Sources */,
			);
			runOnlyForDeploymentPostprocessing = 0;
		};
		501E50242AF526FB00522448 /* Sources */ = {
			isa = PBXSourcesBuildPhase;
			buildActionMask = 2147483647;
			files = (
				501E502D2AF526FB00522448 /* NotesTests.swift in Sources */,
			);
			runOnlyForDeploymentPostprocessing = 0;
		};
		501E502E2AF526FB00522448 /* Sources */ = {
			isa = PBXSourcesBuildPhase;
			buildActionMask = 2147483647;
			files = (
				501E50392AF526FB00522448 /* NotesUITestsLaunchTests.swift in Sources */,
				501E50372AF526FB00522448 /* NotesUITests.swift in Sources */,
			);
			runOnlyForDeploymentPostprocessing = 0;
		};
/* End PBXSourcesBuildPhase section */

/* Begin PBXTargetDependency section */
		501E502A2AF526FB00522448 /* PBXTargetDependency */ = {
			isa = PBXTargetDependency;
			target = 501E50122AF526FA00522448 /* Notes */;
			targetProxy = 501E50292AF526FB00522448 /* PBXContainerItemProxy */;
		};
		501E50342AF526FB00522448 /* PBXTargetDependency */ = {
			isa = PBXTargetDependency;
			target = 501E50122AF526FA00522448 /* Notes */;
			targetProxy = 501E50332AF526FB00522448 /* PBXContainerItemProxy */;
		};
/* End PBXTargetDependency section */

/* Begin PBXVariantGroup section */
		503CE1E42B10DD39004C7097 /* Localizable.strings */ = {
			isa = PBXVariantGroup;
			children = (
				503CE1E32B10DD39004C7097 /* en */,
			);
			name = Localizable.strings;
			sourceTree = "<group>";
		};
/* End PBXVariantGroup section */

/* Begin XCBuildConfiguration section */
		501E503A2AF526FB00522448 /* Debug */ = {
			isa = XCBuildConfiguration;
			buildSettings = {
				ALWAYS_SEARCH_USER_PATHS = NO;
				ASSETCATALOG_COMPILER_GENERATE_SWIFT_ASSET_SYMBOL_EXTENSIONS = YES;
				CLANG_ANALYZER_NONNULL = YES;
				CLANG_ANALYZER_NUMBER_OBJECT_CONVERSION = YES_AGGRESSIVE;
				CLANG_CXX_LANGUAGE_STANDARD = "gnu++20";
				CLANG_ENABLE_MODULES = YES;
				CLANG_ENABLE_OBJC_ARC = YES;
				CLANG_ENABLE_OBJC_WEAK = YES;
				CLANG_WARN_BLOCK_CAPTURE_AUTORELEASING = YES;
				CLANG_WARN_BOOL_CONVERSION = YES;
				CLANG_WARN_COMMA = YES;
				CLANG_WARN_CONSTANT_CONVERSION = YES;
				CLANG_WARN_DEPRECATED_OBJC_IMPLEMENTATIONS = YES;
				CLANG_WARN_DIRECT_OBJC_ISA_USAGE = YES_ERROR;
				CLANG_WARN_DOCUMENTATION_COMMENTS = YES;
				CLANG_WARN_EMPTY_BODY = YES;
				CLANG_WARN_ENUM_CONVERSION = YES;
				CLANG_WARN_INFINITE_RECURSION = YES;
				CLANG_WARN_INT_CONVERSION = YES;
				CLANG_WARN_NON_LITERAL_NULL_CONVERSION = YES;
				CLANG_WARN_OBJC_IMPLICIT_RETAIN_SELF = YES;
				CLANG_WARN_OBJC_LITERAL_CONVERSION = YES;
				CLANG_WARN_OBJC_ROOT_CLASS = YES_ERROR;
				CLANG_WARN_QUOTED_INCLUDE_IN_FRAMEWORK_HEADER = YES;
				CLANG_WARN_RANGE_LOOP_ANALYSIS = YES;
				CLANG_WARN_STRICT_PROTOTYPES = YES;
				CLANG_WARN_SUSPICIOUS_MOVE = YES;
				CLANG_WARN_UNGUARDED_AVAILABILITY = YES_AGGRESSIVE;
				CLANG_WARN_UNREACHABLE_CODE = YES;
				CLANG_WARN__DUPLICATE_METHOD_MATCH = YES;
				COPY_PHASE_STRIP = NO;
				DEBUG_INFORMATION_FORMAT = dwarf;
				ENABLE_STRICT_OBJC_MSGSEND = YES;
				ENABLE_TESTABILITY = YES;
				ENABLE_USER_SCRIPT_SANDBOXING = YES;
				GCC_C_LANGUAGE_STANDARD = gnu17;
				GCC_DYNAMIC_NO_PIC = NO;
				GCC_NO_COMMON_BLOCKS = YES;
				GCC_OPTIMIZATION_LEVEL = 0;
				GCC_PREPROCESSOR_DEFINITIONS = (
					"DEBUG=1",
					"$(inherited)",
				);
				GCC_WARN_64_TO_32_BIT_CONVERSION = YES;
				GCC_WARN_ABOUT_RETURN_TYPE = YES_ERROR;
				GCC_WARN_UNDECLARED_SELECTOR = YES;
				GCC_WARN_UNINITIALIZED_AUTOS = YES_AGGRESSIVE;
				GCC_WARN_UNUSED_FUNCTION = YES;
				GCC_WARN_UNUSED_VARIABLE = YES;
				IPHONEOS_DEPLOYMENT_TARGET = 17.0;
				LOCALIZATION_PREFERS_STRING_CATALOGS = YES;
				MTL_ENABLE_DEBUG_INFO = INCLUDE_SOURCE;
				MTL_FAST_MATH = YES;
				ONLY_ACTIVE_ARCH = YES;
				SDKROOT = iphoneos;
				SWIFT_ACTIVE_COMPILATION_CONDITIONS = "DEBUG $(inherited)";
				SWIFT_OPTIMIZATION_LEVEL = "-Onone";
			};
			name = Debug;
		};
		501E503B2AF526FB00522448 /* Release */ = {
			isa = XCBuildConfiguration;
			buildSettings = {
				ALWAYS_SEARCH_USER_PATHS = NO;
				ASSETCATALOG_COMPILER_GENERATE_SWIFT_ASSET_SYMBOL_EXTENSIONS = YES;
				CLANG_ANALYZER_NONNULL = YES;
				CLANG_ANALYZER_NUMBER_OBJECT_CONVERSION = YES_AGGRESSIVE;
				CLANG_CXX_LANGUAGE_STANDARD = "gnu++20";
				CLANG_ENABLE_MODULES = YES;
				CLANG_ENABLE_OBJC_ARC = YES;
				CLANG_ENABLE_OBJC_WEAK = YES;
				CLANG_WARN_BLOCK_CAPTURE_AUTORELEASING = YES;
				CLANG_WARN_BOOL_CONVERSION = YES;
				CLANG_WARN_COMMA = YES;
				CLANG_WARN_CONSTANT_CONVERSION = YES;
				CLANG_WARN_DEPRECATED_OBJC_IMPLEMENTATIONS = YES;
				CLANG_WARN_DIRECT_OBJC_ISA_USAGE = YES_ERROR;
				CLANG_WARN_DOCUMENTATION_COMMENTS = YES;
				CLANG_WARN_EMPTY_BODY = YES;
				CLANG_WARN_ENUM_CONVERSION = YES;
				CLANG_WARN_INFINITE_RECURSION = YES;
				CLANG_WARN_INT_CONVERSION = YES;
				CLANG_WARN_NON_LITERAL_NULL_CONVERSION = YES;
				CLANG_WARN_OBJC_IMPLICIT_RETAIN_SELF = YES;
				CLANG_WARN_OBJC_LITERAL_CONVERSION = YES;
				CLANG_WARN_OBJC_ROOT_CLASS = YES_ERROR;
				CLANG_WARN_QUOTED_INCLUDE_IN_FRAMEWORK_HEADER = YES;
				CLANG_WARN_RANGE_LOOP_ANALYSIS = YES;
				CLANG_WARN_STRICT_PROTOTYPES = YES;
				CLANG_WARN_SUSPICIOUS_MOVE = YES;
				CLANG_WARN_UNGUARDED_AVAILABILITY = YES_AGGRESSIVE;
				CLANG_WARN_UNREACHABLE_CODE = YES;
				CLANG_WARN__DUPLICATE_METHOD_MATCH = YES;
				COPY_PHASE_STRIP = NO;
				DEBUG_INFORMATION_FORMAT = "dwarf-with-dsym";
				ENABLE_NS_ASSERTIONS = NO;
				ENABLE_STRICT_OBJC_MSGSEND = YES;
				ENABLE_USER_SCRIPT_SANDBOXING = YES;
				GCC_C_LANGUAGE_STANDARD = gnu17;
				GCC_NO_COMMON_BLOCKS = YES;
				GCC_WARN_64_TO_32_BIT_CONVERSION = YES;
				GCC_WARN_ABOUT_RETURN_TYPE = YES_ERROR;
				GCC_WARN_UNDECLARED_SELECTOR = YES;
				GCC_WARN_UNINITIALIZED_AUTOS = YES_AGGRESSIVE;
				GCC_WARN_UNUSED_FUNCTION = YES;
				GCC_WARN_UNUSED_VARIABLE = YES;
				IPHONEOS_DEPLOYMENT_TARGET = 17.0;
				LOCALIZATION_PREFERS_STRING_CATALOGS = YES;
				MTL_ENABLE_DEBUG_INFO = NO;
				MTL_FAST_MATH = YES;
				SDKROOT = iphoneos;
				SWIFT_COMPILATION_MODE = wholemodule;
				VALIDATE_PRODUCT = YES;
			};
			name = Release;
		};
		501E503D2AF526FB00522448 /* Debug */ = {
			isa = XCBuildConfiguration;
			buildSettings = {
				ASSETCATALOG_COMPILER_APPICON_NAME = AppIcon;
				ASSETCATALOG_COMPILER_GLOBAL_ACCENT_COLOR_NAME = AccentColor;
				CODE_SIGN_STYLE = Automatic;
				CURRENT_PROJECT_VERSION = 1;
				DEVELOPMENT_ASSET_PATHS = "\"Notes/Preview Content\"";
				ENABLE_PREVIEWS = YES;
				GENERATE_INFOPLIST_FILE = YES;
				INFOPLIST_KEY_UIApplicationSceneManifest_Generation = YES;
				INFOPLIST_KEY_UIApplicationSupportsIndirectInputEvents = YES;
				INFOPLIST_KEY_UILaunchScreen_Generation = YES;
				INFOPLIST_KEY_UISupportedInterfaceOrientations_iPad = "UIInterfaceOrientationPortrait UIInterfaceOrientationPortraitUpsideDown UIInterfaceOrientationLandscapeLeft UIInterfaceOrientationLandscapeRight";
				INFOPLIST_KEY_UISupportedInterfaceOrientations_iPhone = "UIInterfaceOrientationPortrait UIInterfaceOrientationLandscapeLeft UIInterfaceOrientationLandscapeRight";
				LD_RUNPATH_SEARCH_PATHS = (
					"$(inherited)",
					"@executable_path/Frameworks",
				);
				MARKETING_VERSION = 1.0;
				PRODUCT_BUNDLE_IDENTIFIER = com.lena.Notes;
				PRODUCT_NAME = "$(TARGET_NAME)";
				SWIFT_EMIT_LOC_STRINGS = YES;
				SWIFT_VERSION = 5.0;
				TARGETED_DEVICE_FAMILY = "1,2";
			};
			name = Debug;
		};
		501E503E2AF526FB00522448 /* Release */ = {
			isa = XCBuildConfiguration;
			buildSettings = {
				ASSETCATALOG_COMPILER_APPICON_NAME = AppIcon;
				ASSETCATALOG_COMPILER_GLOBAL_ACCENT_COLOR_NAME = AccentColor;
				CODE_SIGN_STYLE = Automatic;
				CURRENT_PROJECT_VERSION = 1;
				DEVELOPMENT_ASSET_PATHS = "\"Notes/Preview Content\"";
				ENABLE_PREVIEWS = YES;
				GENERATE_INFOPLIST_FILE = YES;
				INFOPLIST_KEY_UIApplicationSceneManifest_Generation = YES;
				INFOPLIST_KEY_UIApplicationSupportsIndirectInputEvents = YES;
				INFOPLIST_KEY_UILaunchScreen_Generation = YES;
				INFOPLIST_KEY_UISupportedInterfaceOrientations_iPad = "UIInterfaceOrientationPortrait UIInterfaceOrientationPortraitUpsideDown UIInterfaceOrientationLandscapeLeft UIInterfaceOrientationLandscapeRight";
				INFOPLIST_KEY_UISupportedInterfaceOrientations_iPhone = "UIInterfaceOrientationPortrait UIInterfaceOrientationLandscapeLeft UIInterfaceOrientationLandscapeRight";
				LD_RUNPATH_SEARCH_PATHS = (
					"$(inherited)",
					"@executable_path/Frameworks",
				);
				MARKETING_VERSION = 1.0;
				PRODUCT_BUNDLE_IDENTIFIER = com.lena.Notes;
				PRODUCT_NAME = "$(TARGET_NAME)";
				SWIFT_EMIT_LOC_STRINGS = YES;
				SWIFT_VERSION = 5.0;
				TARGETED_DEVICE_FAMILY = "1,2";
			};
			name = Release;
		};
		501E50402AF526FB00522448 /* Debug */ = {
			isa = XCBuildConfiguration;
			buildSettings = {
				ALWAYS_EMBED_SWIFT_STANDARD_LIBRARIES = YES;
				BUNDLE_LOADER = "$(TEST_HOST)";
				CODE_SIGN_STYLE = Automatic;
				CURRENT_PROJECT_VERSION = 1;
				GENERATE_INFOPLIST_FILE = YES;
				IPHONEOS_DEPLOYMENT_TARGET = 17.0;
				MARKETING_VERSION = 1.0;
				PRODUCT_BUNDLE_IDENTIFIER = com.lena.NotesTests;
				PRODUCT_NAME = "$(TARGET_NAME)";
				SWIFT_EMIT_LOC_STRINGS = NO;
				SWIFT_VERSION = 5.0;
				TARGETED_DEVICE_FAMILY = "1,2";
				TEST_HOST = "$(BUILT_PRODUCTS_DIR)/Notes.app/$(BUNDLE_EXECUTABLE_FOLDER_PATH)/Notes";
			};
			name = Debug;
		};
		501E50412AF526FB00522448 /* Release */ = {
			isa = XCBuildConfiguration;
			buildSettings = {
				ALWAYS_EMBED_SWIFT_STANDARD_LIBRARIES = YES;
				BUNDLE_LOADER = "$(TEST_HOST)";
				CODE_SIGN_STYLE = Automatic;
				CURRENT_PROJECT_VERSION = 1;
				GENERATE_INFOPLIST_FILE = YES;
				IPHONEOS_DEPLOYMENT_TARGET = 17.0;
				MARKETING_VERSION = 1.0;
				PRODUCT_BUNDLE_IDENTIFIER = com.lena.NotesTests;
				PRODUCT_NAME = "$(TARGET_NAME)";
				SWIFT_EMIT_LOC_STRINGS = NO;
				SWIFT_VERSION = 5.0;
				TARGETED_DEVICE_FAMILY = "1,2";
				TEST_HOST = "$(BUILT_PRODUCTS_DIR)/Notes.app/$(BUNDLE_EXECUTABLE_FOLDER_PATH)/Notes";
			};
			name = Release;
		};
		501E50432AF526FB00522448 /* Debug */ = {
			isa = XCBuildConfiguration;
			buildSettings = {
				ALWAYS_EMBED_SWIFT_STANDARD_LIBRARIES = YES;
				CODE_SIGN_STYLE = Automatic;
				CURRENT_PROJECT_VERSION = 1;
				GENERATE_INFOPLIST_FILE = YES;
				MARKETING_VERSION = 1.0;
				PRODUCT_BUNDLE_IDENTIFIER = com.lena.NotesUITests;
				PRODUCT_NAME = "$(TARGET_NAME)";
				SWIFT_EMIT_LOC_STRINGS = NO;
				SWIFT_VERSION = 5.0;
				TARGETED_DEVICE_FAMILY = "1,2";
				TEST_TARGET_NAME = Notes;
			};
			name = Debug;
		};
		501E50442AF526FB00522448 /* Release */ = {
			isa = XCBuildConfiguration;
			buildSettings = {
				ALWAYS_EMBED_SWIFT_STANDARD_LIBRARIES = YES;
				CODE_SIGN_STYLE = Automatic;
				CURRENT_PROJECT_VERSION = 1;
				GENERATE_INFOPLIST_FILE = YES;
				MARKETING_VERSION = 1.0;
				PRODUCT_BUNDLE_IDENTIFIER = com.lena.NotesUITests;
				PRODUCT_NAME = "$(TARGET_NAME)";
				SWIFT_EMIT_LOC_STRINGS = NO;
				SWIFT_VERSION = 5.0;
				TARGETED_DEVICE_FAMILY = "1,2";
				TEST_TARGET_NAME = Notes;
			};
			name = Release;
		};
/* End XCBuildConfiguration section */

/* Begin XCConfigurationList section */
		501E500E2AF526FA00522448 /* Build configuration list for PBXProject "Notes" */ = {
			isa = XCConfigurationList;
			buildConfigurations = (
				501E503A2AF526FB00522448 /* Debug */,
				501E503B2AF526FB00522448 /* Release */,
			);
			defaultConfigurationIsVisible = 0;
			defaultConfigurationName = Release;
		};
		501E503C2AF526FB00522448 /* Build configuration list for PBXNativeTarget "Notes" */ = {
			isa = XCConfigurationList;
			buildConfigurations = (
				501E503D2AF526FB00522448 /* Debug */,
				501E503E2AF526FB00522448 /* Release */,
			);
			defaultConfigurationIsVisible = 0;
			defaultConfigurationName = Release;
		};
		501E503F2AF526FB00522448 /* Build configuration list for PBXNativeTarget "NotesTests" */ = {
			isa = XCConfigurationList;
			buildConfigurations = (
				501E50402AF526FB00522448 /* Debug */,
				501E50412AF526FB00522448 /* Release */,
			);
			defaultConfigurationIsVisible = 0;
			defaultConfigurationName = Release;
		};
		501E50422AF526FB00522448 /* Build configuration list for PBXNativeTarget "NotesUITests" */ = {
			isa = XCConfigurationList;
			buildConfigurations = (
				501E50432AF526FB00522448 /* Debug */,
				501E50442AF526FB00522448 /* Release */,
			);
			defaultConfigurationIsVisible = 0;
			defaultConfigurationName = Release;
		};
/* End XCConfigurationList section */

/* Begin XCVersionGroup section */
		501E50212AF526FB00522448 /* Notes.xcdatamodeld */ = {
			isa = XCVersionGroup;
			children = (
				501E50222AF526FB00522448 /* Notes.xcdatamodel */,
			);
			currentVersion = 501E50222AF526FB00522448 /* Notes.xcdatamodel */;
			path = Notes.xcdatamodeld;
			sourceTree = "<group>";
			versionGroupType = wrapper.xcdatamodel;
		};
/* End XCVersionGroup section */
	};
	rootObject = 501E500B2AF526FA00522448 /* Project object */;
}
